
Microsoft Visual Studio Solution File, Format Version 12.00
# Visual Studio Version 17
VisualStudioVersion = 17.0.31612.314
MinimumVisualStudioVersion = 10.0.40219.1
Project("{FAE04EC0-301F-11D3-BF4B-00C04F79EFBC}") = "W11ISO", "W11ISO\W11ISO.csproj", "{683BB5FE-ED9F-4373-B2A2-EFB5B12BEDD4}"
EndProject
Project("{9A19103F-16F7-4668-BE54-9A1E7A4F7556}") = "Microsoft.Dism", "Microsoft.Dism\Microsoft.Dism.csproj", "{6FBF294C-5DB2-49F2-8C38-A0040FDC6207}"
EndProject
Project("{FAE04EC0-301F-11D3-BF4B-00C04F79EFBC}") = "CdImage", "CdImage\CdImage.csproj", "{A9F50551-DE38-48F3-8AD5-31FE2E1B8E8A}"
EndProject
Global
	GlobalSection(SolutionConfigurationPlatforms) = preSolution
		Debug|Any CPU = Debug|Any CPU
		Release|Any CPU = Release|Any CPU
	EndGlobalSection
	GlobalSection(ProjectConfigurationPlatforms) = postSolution
		{683BB5FE-ED9F-4373-B2A2-EFB5B12BEDD4}.Debug|Any CPU.ActiveCfg = Debug|Any CPU
		{683BB5FE-ED9F-4373-B2A2-EFB5B12BEDD4}.Debug|Any CPU.Build.0 = Debug|Any CPU
		{683BB5FE-ED9F-4373-B2A2-EFB5B12BEDD4}.Release|Any CPU.ActiveCfg = Release|Any CPU
		{683BB5FE-ED9F-4373-B2A2-EFB5B12BEDD4}.Release|Any CPU.Build.0 = Release|Any CPU
		{6FBF294C-5DB2-49F2-8C38-A0040FDC6207}.Debug|Any CPU.ActiveCfg = Debug|Any CPU
		{6FBF294C-5DB2-49F2-8C38-A0040FDC6207}.Debug|Any CPU.Build.0 = Debug|Any CPU
		{6FBF294C-5DB2-49F2-8C38-A0040FDC6207}.Release|Any CPU.ActiveCfg = Release|Any CPU
		{6FBF294C-5DB2-49F2-8C38-A0040FDC6207}.Release|Any CPU.Build.0 = Release|Any CPU
		{A9F50551-DE38-48F3-8AD5-31FE2E1B8E8A}.Debug|Any CPU.ActiveCfg = Debug|Any CPU
		{A9F50551-DE38-48F3-8AD5-31FE2E1B8E8A}.Debug|Any CPU.Build.0 = Debug|Any CPU
		{A9F50551-DE38-48F3-8AD5-31FE2E1B8E8A}.Release|Any CPU.ActiveCfg = Release|Any CPU
		{A9F50551-DE38-48F3-8AD5-31FE2E1B8E8A}.Release|Any CPU.Build.0 = Release|Any CPU
	EndGlobalSection
	GlobalSection(SolutionProperties) = preSolution
		HideSolutionNode = FALSE
	EndGlobalSection
	GlobalSection(ExtensibilityGlobals) = postSolution
		SolutionGuid = {B1E8F2FD-3C5B-4C75-8841-C532E85B2FC8}
	EndGlobalSection
EndGlobal
