
Microsoft Visual Studio Solution File, Format Version 12.00
# Visual Studio Version 17
VisualStudioVersion = 17.0.31612.314
MinimumVisualStudioVersion = 10.0.40219.1
Project("{9A19103F-16F7-4668-BE54-9A1E7A4F7556}") = "W11ISO", "W11ISO\W11ISO.csproj", "{683BB5FE-ED9F-4373-B2A2-EFB5B12BEDD4}"
EndProject
Project("{2150E333-8FDC-42A3-9474-1A3956D46DE8}") = "CD handler", "CD handler", "{C50D94F2-1176-4E3E-AE0C-50EEF69AA9E0}"
EndProject
Project("{2150E333-8FDC-42A3-9474-1A3956D46DE8}") = "UUP", "UUP", "{AA197512-2CAC-4299-85CD-FCF38708740D}"
EndProject
Project("{9A19103F-16F7-4668-BE54-9A1E7A4F7556}") = "Cabinet.NET", "Cabinet.NET\Cabinet.NET.csproj", "{371F8C7D-4283-475B-BDAC-84388BE45ED9}"
EndProject
Project("{9A19103F-16F7-4668-BE54-9A1E7A4F7556}") = "CompDB.NET", "CompDB.NET\CompDB.NET.csproj", "{1D45B872-B81A-4F28-9317-DB576B598447}"
EndProject
Project("{9A19103F-16F7-4668-BE54-9A1E7A4F7556}") = "WindowsUpdateLib.NET", "WindowsUpdateLib.NET\WindowsUpdateLib.NET.csproj", "{61029242-46E0-455F-B304-078BB64E56A3}"
EndProject
Project("{9A19103F-16F7-4668-BE54-9A1E7A4F7556}") = "DownloadLib.NET", "DownloadLib.NET\DownloadLib.NET.csproj", "{9F593CEA-4817-437B-876D-24ED86F3CFE8}"
EndProject
Project("{2150E333-8FDC-42A3-9474-1A3956D46DE8}") = "WIM handlers", "WIM handlers", "{4A515C0B-8BCC-4BED-AC2F-F0FC88429002}"
EndProject
Project("{9A19103F-16F7-4668-BE54-9A1E7A4F7556}") = "Imaging", "Imaging\Imaging.csproj", "{BDC860A9-AEF4-4CFB-8D48-3E80011DFA3A}"
EndProject
Project("{9A19103F-16F7-4668-BE54-9A1E7A4F7556}") = "CdImage", "CdImage\CdImage.csproj", "{D6B5A8D2-DAC9-4768-98AF-65DAF714C283}"
EndProject
Project("{9A19103F-16F7-4668-BE54-9A1E7A4F7556}") = "Microsoft.Wim.NET", "Microsoft.Wim.NET\Microsoft.Wim.NET.csproj", "{C984F65A-39C1-4B47-85AD-3B525625ED49}"
EndProject
Project("{9A19103F-16F7-4668-BE54-9A1E7A4F7556}") = "Microsoft.Dism", "Microsoft.Dism\Microsoft.Dism.csproj", "{62B700D7-739B-425A-BE55-A6955A3820EC}"
EndProject
Global
	GlobalSection(SharedMSBuildProjectFiles) = preSolution
		CompDB.Shared\CompDB.Shared.projitems*{1d45b872-b81a-4f28-9317-db576b598447}*SharedItemsImports = 5
		Cabinet.Shared\Cabinet.Shared.projitems*{371f8c7d-4283-475b-bdac-84388be45ed9}*SharedItemsImports = 5
		WindowsUpdateLib.Shared\WindowsUpdateLib.Shared.projitems*{61029242-46e0-455f-b304-078bb64e56a3}*SharedItemsImports = 5
		DownloadLib.Shared\DownloadLib.Shared.projitems*{9f593cea-4817-437b-876d-24ed86f3cfe8}*SharedItemsImports = 5
	EndGlobalSection
	GlobalSection(SolutionConfigurationPlatforms) = preSolution
		Debug|Any CPU = Debug|Any CPU
		Debug|arm64 = Debug|arm64
		Debug|x64 = Debug|x64
		Debug|x86 = Debug|x86
		Release|Any CPU = Release|Any CPU
		Release|arm64 = Release|arm64
		Release|x64 = Release|x64
		Release|x86 = Release|x86
	EndGlobalSection
	GlobalSection(ProjectConfigurationPlatforms) = postSolution
		{683BB5FE-ED9F-4373-B2A2-EFB5B12BEDD4}.Debug|Any CPU.ActiveCfg = Debug|Any CPU
		{683BB5FE-ED9F-4373-B2A2-EFB5B12BEDD4}.Debug|Any CPU.Build.0 = Debug|Any CPU
		{683BB5FE-ED9F-4373-B2A2-EFB5B12BEDD4}.Debug|arm64.ActiveCfg = Debug|Any CPU
		{683BB5FE-ED9F-4373-B2A2-EFB5B12BEDD4}.Debug|arm64.Build.0 = Debug|Any CPU
		{683BB5FE-ED9F-4373-B2A2-EFB5B12BEDD4}.Debug|x64.ActiveCfg = Debug|Any CPU
		{683BB5FE-ED9F-4373-B2A2-EFB5B12BEDD4}.Debug|x64.Build.0 = Debug|Any CPU
		{683BB5FE-ED9F-4373-B2A2-EFB5B12BEDD4}.Debug|x86.ActiveCfg = Debug|Any CPU
		{683BB5FE-ED9F-4373-B2A2-EFB5B12BEDD4}.Debug|x86.Build.0 = Debug|Any CPU
		{683BB5FE-ED9F-4373-B2A2-EFB5B12BEDD4}.Release|Any CPU.ActiveCfg = Release|Any CPU
		{683BB5FE-ED9F-4373-B2A2-EFB5B12BEDD4}.Release|Any CPU.Build.0 = Release|Any CPU
		{683BB5FE-ED9F-4373-B2A2-EFB5B12BEDD4}.Release|arm64.ActiveCfg = Release|Any CPU
		{683BB5FE-ED9F-4373-B2A2-EFB5B12BEDD4}.Release|arm64.Build.0 = Release|Any CPU
		{683BB5FE-ED9F-4373-B2A2-EFB5B12BEDD4}.Release|x64.ActiveCfg = Release|Any CPU
		{683BB5FE-ED9F-4373-B2A2-EFB5B12BEDD4}.Release|x64.Build.0 = Release|Any CPU
		{683BB5FE-ED9F-4373-B2A2-EFB5B12BEDD4}.Release|x86.ActiveCfg = Release|Any CPU
		{683BB5FE-ED9F-4373-B2A2-EFB5B12BEDD4}.Release|x86.Build.0 = Release|Any CPU
		{371F8C7D-4283-475B-BDAC-84388BE45ED9}.Debug|Any CPU.ActiveCfg = Debug|Any CPU
		{371F8C7D-4283-475B-BDAC-84388BE45ED9}.Debug|Any CPU.Build.0 = Debug|Any CPU
		{371F8C7D-4283-475B-BDAC-84388BE45ED9}.Debug|arm64.ActiveCfg = Debug|arm64
		{371F8C7D-4283-475B-BDAC-84388BE45ED9}.Debug|arm64.Build.0 = Debug|arm64
		{371F8C7D-4283-475B-BDAC-84388BE45ED9}.Debug|x64.ActiveCfg = Debug|x64
		{371F8C7D-4283-475B-BDAC-84388BE45ED9}.Debug|x64.Build.0 = Debug|x64
		{371F8C7D-4283-475B-BDAC-84388BE45ED9}.Debug|x86.ActiveCfg = Debug|x86
		{371F8C7D-4283-475B-BDAC-84388BE45ED9}.Debug|x86.Build.0 = Debug|x86
		{371F8C7D-4283-475B-BDAC-84388BE45ED9}.Release|Any CPU.ActiveCfg = Release|Any CPU
		{371F8C7D-4283-475B-BDAC-84388BE45ED9}.Release|Any CPU.Build.0 = Release|Any CPU
		{371F8C7D-4283-475B-BDAC-84388BE45ED9}.Release|arm64.ActiveCfg = Release|arm64
		{371F8C7D-4283-475B-BDAC-84388BE45ED9}.Release|arm64.Build.0 = Release|arm64
		{371F8C7D-4283-475B-BDAC-84388BE45ED9}.Release|x64.ActiveCfg = Release|x64
		{371F8C7D-4283-475B-BDAC-84388BE45ED9}.Release|x64.Build.0 = Release|x64
		{371F8C7D-4283-475B-BDAC-84388BE45ED9}.Release|x86.ActiveCfg = Release|x86
		{371F8C7D-4283-475B-BDAC-84388BE45ED9}.Release|x86.Build.0 = Release|x86
		{1D45B872-B81A-4F28-9317-DB576B598447}.Debug|Any CPU.ActiveCfg = Debug|Any CPU
		{1D45B872-B81A-4F28-9317-DB576B598447}.Debug|Any CPU.Build.0 = Debug|Any CPU
		{1D45B872-B81A-4F28-9317-DB576B598447}.Debug|arm64.ActiveCfg = Debug|arm64
		{1D45B872-B81A-4F28-9317-DB576B598447}.Debug|arm64.Build.0 = Debug|arm64
		{1D45B872-B81A-4F28-9317-DB576B598447}.Debug|x64.ActiveCfg = Debug|x64
		{1D45B872-B81A-4F28-9317-DB576B598447}.Debug|x64.Build.0 = Debug|x64
		{1D45B872-B81A-4F28-9317-DB576B598447}.Debug|x86.ActiveCfg = Debug|x86
		{1D45B872-B81A-4F28-9317-DB576B598447}.Debug|x86.Build.0 = Debug|x86
		{1D45B872-B81A-4F28-9317-DB576B598447}.Release|Any CPU.ActiveCfg = Release|Any CPU
		{1D45B872-B81A-4F28-9317-DB576B598447}.Release|Any CPU.Build.0 = Release|Any CPU
		{1D45B872-B81A-4F28-9317-DB576B598447}.Release|arm64.ActiveCfg = Release|arm64
		{1D45B872-B81A-4F28-9317-DB576B598447}.Release|arm64.Build.0 = Release|arm64
		{1D45B872-B81A-4F28-9317-DB576B598447}.Release|x64.ActiveCfg = Release|x64
		{1D45B872-B81A-4F28-9317-DB576B598447}.Release|x64.Build.0 = Release|x64
		{1D45B872-B81A-4F28-9317-DB576B598447}.Release|x86.ActiveCfg = Release|x86
		{1D45B872-B81A-4F28-9317-DB576B598447}.Release|x86.Build.0 = Release|x86
		{61029242-46E0-455F-B304-078BB64E56A3}.Debug|Any CPU.ActiveCfg = Debug|Any CPU
		{61029242-46E0-455F-B304-078BB64E56A3}.Debug|Any CPU.Build.0 = Debug|Any CPU
		{61029242-46E0-455F-B304-078BB64E56A3}.Debug|arm64.ActiveCfg = Debug|arm64
		{61029242-46E0-455F-B304-078BB64E56A3}.Debug|arm64.Build.0 = Debug|arm64
		{61029242-46E0-455F-B304-078BB64E56A3}.Debug|x64.ActiveCfg = Debug|x64
		{61029242-46E0-455F-B304-078BB64E56A3}.Debug|x64.Build.0 = Debug|x64
		{61029242-46E0-455F-B304-078BB64E56A3}.Debug|x86.ActiveCfg = Debug|x86
		{61029242-46E0-455F-B304-078BB64E56A3}.Debug|x86.Build.0 = Debug|x86
		{61029242-46E0-455F-B304-078BB64E56A3}.Release|Any CPU.ActiveCfg = Release|Any CPU
		{61029242-46E0-455F-B304-078BB64E56A3}.Release|Any CPU.Build.0 = Release|Any CPU
		{61029242-46E0-455F-B304-078BB64E56A3}.Release|arm64.ActiveCfg = Release|arm64
		{61029242-46E0-455F-B304-078BB64E56A3}.Release|arm64.Build.0 = Release|arm64
		{61029242-46E0-455F-B304-078BB64E56A3}.Release|x64.ActiveCfg = Release|x64
		{61029242-46E0-455F-B304-078BB64E56A3}.Release|x64.Build.0 = Release|x64
		{61029242-46E0-455F-B304-078BB64E56A3}.Release|x86.ActiveCfg = Release|x86
		{61029242-46E0-455F-B304-078BB64E56A3}.Release|x86.Build.0 = Release|x86
		{9F593CEA-4817-437B-876D-24ED86F3CFE8}.Debug|Any CPU.ActiveCfg = Debug|Any CPU
		{9F593CEA-4817-437B-876D-24ED86F3CFE8}.Debug|Any CPU.Build.0 = Debug|Any CPU
		{9F593CEA-4817-437B-876D-24ED86F3CFE8}.Debug|arm64.ActiveCfg = Debug|arm64
		{9F593CEA-4817-437B-876D-24ED86F3CFE8}.Debug|arm64.Build.0 = Debug|arm64
		{9F593CEA-4817-437B-876D-24ED86F3CFE8}.Debug|x64.ActiveCfg = Debug|x64
		{9F593CEA-4817-437B-876D-24ED86F3CFE8}.Debug|x64.Build.0 = Debug|x64
		{9F593CEA-4817-437B-876D-24ED86F3CFE8}.Debug|x86.ActiveCfg = Debug|x86
		{9F593CEA-4817-437B-876D-24ED86F3CFE8}.Debug|x86.Build.0 = Debug|x86
		{9F593CEA-4817-437B-876D-24ED86F3CFE8}.Release|Any CPU.ActiveCfg = Release|Any CPU
		{9F593CEA-4817-437B-876D-24ED86F3CFE8}.Release|Any CPU.Build.0 = Release|Any CPU
		{9F593CEA-4817-437B-876D-24ED86F3CFE8}.Release|arm64.ActiveCfg = Release|arm64
		{9F593CEA-4817-437B-876D-24ED86F3CFE8}.Release|arm64.Build.0 = Release|arm64
		{9F593CEA-4817-437B-876D-24ED86F3CFE8}.Release|x64.ActiveCfg = Release|x64
		{9F593CEA-4817-437B-876D-24ED86F3CFE8}.Release|x64.Build.0 = Release|x64
		{9F593CEA-4817-437B-876D-24ED86F3CFE8}.Release|x86.ActiveCfg = Release|x86
		{9F593CEA-4817-437B-876D-24ED86F3CFE8}.Release|x86.Build.0 = Release|x86
		{BDC860A9-AEF4-4CFB-8D48-3E80011DFA3A}.Debug|Any CPU.ActiveCfg = Debug|Any CPU
		{BDC860A9-AEF4-4CFB-8D48-3E80011DFA3A}.Debug|Any CPU.Build.0 = Debug|Any CPU
		{BDC860A9-AEF4-4CFB-8D48-3E80011DFA3A}.Debug|arm64.ActiveCfg = Debug|Any CPU
		{BDC860A9-AEF4-4CFB-8D48-3E80011DFA3A}.Debug|arm64.Build.0 = Debug|Any CPU
		{BDC860A9-AEF4-4CFB-8D48-3E80011DFA3A}.Debug|x64.ActiveCfg = Debug|Any CPU
		{BDC860A9-AEF4-4CFB-8D48-3E80011DFA3A}.Debug|x64.Build.0 = Debug|Any CPU
		{BDC860A9-AEF4-4CFB-8D48-3E80011DFA3A}.Debug|x86.ActiveCfg = Debug|Any CPU
		{BDC860A9-AEF4-4CFB-8D48-3E80011DFA3A}.Debug|x86.Build.0 = Debug|Any CPU
		{BDC860A9-AEF4-4CFB-8D48-3E80011DFA3A}.Release|Any CPU.ActiveCfg = Release|Any CPU
		{BDC860A9-AEF4-4CFB-8D48-3E80011DFA3A}.Release|Any CPU.Build.0 = Release|Any CPU
		{BDC860A9-AEF4-4CFB-8D48-3E80011DFA3A}.Release|arm64.ActiveCfg = Release|Any CPU
		{BDC860A9-AEF4-4CFB-8D48-3E80011DFA3A}.Release|arm64.Build.0 = Release|Any CPU
		{BDC860A9-AEF4-4CFB-8D48-3E80011DFA3A}.Release|x64.ActiveCfg = Release|Any CPU
		{BDC860A9-AEF4-4CFB-8D48-3E80011DFA3A}.Release|x64.Build.0 = Release|Any CPU
		{BDC860A9-AEF4-4CFB-8D48-3E80011DFA3A}.Release|x86.ActiveCfg = Release|Any CPU
		{BDC860A9-AEF4-4CFB-8D48-3E80011DFA3A}.Release|x86.Build.0 = Release|Any CPU
		{D6B5A8D2-DAC9-4768-98AF-65DAF714C283}.Debug|Any CPU.ActiveCfg = Debug|Any CPU
		{D6B5A8D2-DAC9-4768-98AF-65DAF714C283}.Debug|Any CPU.Build.0 = Debug|Any CPU
		{D6B5A8D2-DAC9-4768-98AF-65DAF714C283}.Debug|arm64.ActiveCfg = Debug|Any CPU
		{D6B5A8D2-DAC9-4768-98AF-65DAF714C283}.Debug|arm64.Build.0 = Debug|Any CPU
		{D6B5A8D2-DAC9-4768-98AF-65DAF714C283}.Debug|x64.ActiveCfg = Debug|Any CPU
		{D6B5A8D2-DAC9-4768-98AF-65DAF714C283}.Debug|x64.Build.0 = Debug|Any CPU
		{D6B5A8D2-DAC9-4768-98AF-65DAF714C283}.Debug|x86.ActiveCfg = Debug|Any CPU
		{D6B5A8D2-DAC9-4768-98AF-65DAF714C283}.Debug|x86.Build.0 = Debug|Any CPU
		{D6B5A8D2-DAC9-4768-98AF-65DAF714C283}.Release|Any CPU.ActiveCfg = Release|Any CPU
		{D6B5A8D2-DAC9-4768-98AF-65DAF714C283}.Release|Any CPU.Build.0 = Release|Any CPU
		{D6B5A8D2-DAC9-4768-98AF-65DAF714C283}.Release|arm64.ActiveCfg = Release|Any CPU
		{D6B5A8D2-DAC9-4768-98AF-65DAF714C283}.Release|arm64.Build.0 = Release|Any CPU
		{D6B5A8D2-DAC9-4768-98AF-65DAF714C283}.Release|x64.ActiveCfg = Release|Any CPU
		{D6B5A8D2-DAC9-4768-98AF-65DAF714C283}.Release|x64.Build.0 = Release|Any CPU
		{D6B5A8D2-DAC9-4768-98AF-65DAF714C283}.Release|x86.ActiveCfg = Release|Any CPU
		{D6B5A8D2-DAC9-4768-98AF-65DAF714C283}.Release|x86.Build.0 = Release|Any CPU
		{C984F65A-39C1-4B47-85AD-3B525625ED49}.Debug|Any CPU.ActiveCfg = Debug|Any CPU
		{C984F65A-39C1-4B47-85AD-3B525625ED49}.Debug|Any CPU.Build.0 = Debug|Any CPU
		{C984F65A-39C1-4B47-85AD-3B525625ED49}.Debug|arm64.ActiveCfg = Debug|arm64
		{C984F65A-39C1-4B47-85AD-3B525625ED49}.Debug|arm64.Build.0 = Debug|arm64
		{C984F65A-39C1-4B47-85AD-3B525625ED49}.Debug|x64.ActiveCfg = Debug|x64
		{C984F65A-39C1-4B47-85AD-3B525625ED49}.Debug|x64.Build.0 = Debug|x64
		{C984F65A-39C1-4B47-85AD-3B525625ED49}.Debug|x86.ActiveCfg = Debug|x86
		{C984F65A-39C1-4B47-85AD-3B525625ED49}.Debug|x86.Build.0 = Debug|x86
		{C984F65A-39C1-4B47-85AD-3B525625ED49}.Release|Any CPU.ActiveCfg = Release|Any CPU
		{C984F65A-39C1-4B47-85AD-3B525625ED49}.Release|Any CPU.Build.0 = Release|Any CPU
		{C984F65A-39C1-4B47-85AD-3B525625ED49}.Release|arm64.ActiveCfg = Release|arm64
		{C984F65A-39C1-4B47-85AD-3B525625ED49}.Release|arm64.Build.0 = Release|arm64
		{C984F65A-39C1-4B47-85AD-3B525625ED49}.Release|x64.ActiveCfg = Release|x64
		{C984F65A-39C1-4B47-85AD-3B525625ED49}.Release|x64.Build.0 = Release|x64
		{C984F65A-39C1-4B47-85AD-3B525625ED49}.Release|x86.ActiveCfg = Release|x86
		{C984F65A-39C1-4B47-85AD-3B525625ED49}.Release|x86.Build.0 = Release|x86
		{62B700D7-739B-425A-BE55-A6955A3820EC}.Debug|Any CPU.ActiveCfg = Debug|Any CPU
		{62B700D7-739B-425A-BE55-A6955A3820EC}.Debug|Any CPU.Build.0 = Debug|Any CPU
		{62B700D7-739B-425A-BE55-A6955A3820EC}.Debug|arm64.ActiveCfg = Debug|Any CPU
		{62B700D7-739B-425A-BE55-A6955A3820EC}.Debug|arm64.Build.0 = Debug|Any CPU
		{62B700D7-739B-425A-BE55-A6955A3820EC}.Debug|x64.ActiveCfg = Debug|Any CPU
		{62B700D7-739B-425A-BE55-A6955A3820EC}.Debug|x64.Build.0 = Debug|Any CPU
		{62B700D7-739B-425A-BE55-A6955A3820EC}.Debug|x86.ActiveCfg = Debug|Any CPU
		{62B700D7-739B-425A-BE55-A6955A3820EC}.Debug|x86.Build.0 = Debug|Any CPU
		{62B700D7-739B-425A-BE55-A6955A3820EC}.Release|Any CPU.ActiveCfg = Release|Any CPU
		{62B700D7-739B-425A-BE55-A6955A3820EC}.Release|Any CPU.Build.0 = Release|Any CPU
		{62B700D7-739B-425A-BE55-A6955A3820EC}.Release|arm64.ActiveCfg = Release|Any CPU
		{62B700D7-739B-425A-BE55-A6955A3820EC}.Release|arm64.Build.0 = Release|Any CPU
		{62B700D7-739B-425A-BE55-A6955A3820EC}.Release|x64.ActiveCfg = Release|Any CPU
		{62B700D7-739B-425A-BE55-A6955A3820EC}.Release|x64.Build.0 = Release|Any CPU
		{62B700D7-739B-425A-BE55-A6955A3820EC}.Release|x86.ActiveCfg = Release|Any CPU
		{62B700D7-739B-425A-BE55-A6955A3820EC}.Release|x86.Build.0 = Release|Any CPU
	EndGlobalSection
	GlobalSection(SolutionProperties) = preSolution
		HideSolutionNode = FALSE
	EndGlobalSection
	GlobalSection(NestedProjects) = preSolution
		{371F8C7D-4283-475B-BDAC-84388BE45ED9} = {AA197512-2CAC-4299-85CD-FCF38708740D}
		{1D45B872-B81A-4F28-9317-DB576B598447} = {AA197512-2CAC-4299-85CD-FCF38708740D}
		{61029242-46E0-455F-B304-078BB64E56A3} = {AA197512-2CAC-4299-85CD-FCF38708740D}
		{9F593CEA-4817-437B-876D-24ED86F3CFE8} = {AA197512-2CAC-4299-85CD-FCF38708740D}
		{BDC860A9-AEF4-4CFB-8D48-3E80011DFA3A} = {4A515C0B-8BCC-4BED-AC2F-F0FC88429002}
		{D6B5A8D2-DAC9-4768-98AF-65DAF714C283} = {C50D94F2-1176-4E3E-AE0C-50EEF69AA9E0}
		{C984F65A-39C1-4B47-85AD-3B525625ED49} = {4A515C0B-8BCC-4BED-AC2F-F0FC88429002}
		{62B700D7-739B-425A-BE55-A6955A3820EC} = {4A515C0B-8BCC-4BED-AC2F-F0FC88429002}
	EndGlobalSection
	GlobalSection(ExtensibilityGlobals) = postSolution
		SolutionGuid = {B1E8F2FD-3C5B-4C75-8841-C532E85B2FC8}
	EndGlobalSection
EndGlobal
